
Microsoft Visual Studio Solution File, Format Version 12.00
# Visual Studio Version 16
VisualStudioVersion = 16.0.30320.27
MinimumVisualStudioVersion = 10.0.40219.1
Project("{FAE04EC0-301F-11D3-BF4B-00C04F79EFBC}") = "aspnet-mvc-docker", "aspnet-mvc-docker\aspnet-mvc-docker.csproj", "{8B7FE40D-F3F5-440D-9FE5-E48060DCDD51}"
EndProject
Project("{FAE04EC0-301F-11D3-BF4B-00C04F79EFBC}") = "aspnet-mvc-docker.Test", "aspnet-mvc-docker.Test\aspnet-mvc-docker.Test.csproj", "{D2E5BD7C-A51D-4E72-BED8-EDCAE0864C48}"
EndProject
Global
	GlobalSection(SolutionConfigurationPlatforms) = preSolution
		Debug|Any CPU = Debug|Any CPU
		Release|Any CPU = Release|Any CPU
	EndGlobalSection
	GlobalSection(ProjectConfigurationPlatforms) = postSolution
		{8B7FE40D-F3F5-440D-9FE5-E48060DCDD51}.Debug|Any CPU.ActiveCfg = Debug|Any CPU
		{8B7FE40D-F3F5-440D-9FE5-E48060DCDD51}.Debug|Any CPU.Build.0 = Debug|Any CPU
		{8B7FE40D-F3F5-440D-9FE5-E48060DCDD51}.Release|Any CPU.ActiveCfg = Release|Any CPU
		{8B7FE40D-F3F5-440D-9FE5-E48060DCDD51}.Release|Any CPU.Build.0 = Release|Any CPU
		{D2E5BD7C-A51D-4E72-BED8-EDCAE0864C48}.Debug|Any CPU.ActiveCfg = Debug|Any CPU
		{D2E5BD7C-A51D-4E72-BED8-EDCAE0864C48}.Debug|Any CPU.Build.0 = Debug|Any CPU
		{D2E5BD7C-A51D-4E72-BED8-EDCAE0864C48}.Release|Any CPU.ActiveCfg = Release|Any CPU
		{D2E5BD7C-A51D-4E72-BED8-EDCAE0864C48}.Release|Any CPU.Build.0 = Release|Any CPU
	EndGlobalSection
	GlobalSection(SolutionProperties) = preSolution
		HideSolutionNode = FALSE
	EndGlobalSection
	GlobalSection(ExtensibilityGlobals) = postSolution
		SolutionGuid = {14240B22-C3DA-4AC5-80D9-1D9E6D3D5883}
	EndGlobalSection
EndGlobal
